
Microsoft Visual Studio Solution File, Format Version 12.00
# Visual Studio Version 17
VisualStudioVersion = 17.4.33213.308
MinimumVisualStudioVersion = 10.0.40219.1
Project("{9A19103F-16F7-4668-BE54-9A1E7A4F7556}") = "ShopOnline.Web", "ShopOnline.Web\ShopOnline.Web.csproj", "{0B0D4689-A14E-47D0-A977-8ADE1909A20A}"
EndProject
Project("{9A19103F-16F7-4668-BE54-9A1E7A4F7556}") = "ShopOnline.Api", "ShopOnline.Api\ShopOnline.Api.csproj", "{FAC2452A-6EFE-42B2-BDC2-D7678FFC764F}"
EndProject
Project("{FAE04EC0-301F-11D3-BF4B-00C04F79EFBC}") = "ShopOnline.Models", "ShopOnline.Models\ShopOnline.Models.csproj", "{BE57C052-FD04-432F-A8C1-3CC108E4A501}"
EndProject
Global
	GlobalSection(SolutionConfigurationPlatforms) = preSolution
		Debug|Any CPU = Debug|Any CPU
		Release|Any CPU = Release|Any CPU
	EndGlobalSection
	GlobalSection(ProjectConfigurationPlatforms) = postSolution
		{0B0D4689-A14E-47D0-A977-8ADE1909A20A}.Debug|Any CPU.ActiveCfg = Debug|Any CPU
		{0B0D4689-A14E-47D0-A977-8ADE1909A20A}.Debug|Any CPU.Build.0 = Debug|Any CPU
		{0B0D4689-A14E-47D0-A977-8ADE1909A20A}.Release|Any CPU.ActiveCfg = Release|Any CPU
		{0B0D4689-A14E-47D0-A977-8ADE1909A20A}.Release|Any CPU.Build.0 = Release|Any CPU
		{FAC2452A-6EFE-42B2-BDC2-D7678FFC764F}.Debug|Any CPU.ActiveCfg = Debug|Any CPU
		{FAC2452A-6EFE-42B2-BDC2-D7678FFC764F}.Debug|Any CPU.Build.0 = Debug|Any CPU
		{FAC2452A-6EFE-42B2-BDC2-D7678FFC764F}.Release|Any CPU.ActiveCfg = Release|Any CPU
		{FAC2452A-6EFE-42B2-BDC2-D7678FFC764F}.Release|Any CPU.Build.0 = Release|Any CPU
		{BE57C052-FD04-432F-A8C1-3CC108E4A501}.Debug|Any CPU.ActiveCfg = Debug|Any CPU
		{BE57C052-FD04-432F-A8C1-3CC108E4A501}.Debug|Any CPU.Build.0 = Debug|Any CPU
		{BE57C052-FD04-432F-A8C1-3CC108E4A501}.Release|Any CPU.ActiveCfg = Release|Any CPU
		{BE57C052-FD04-432F-A8C1-3CC108E4A501}.Release|Any CPU.Build.0 = Release|Any CPU
	EndGlobalSection
	GlobalSection(SolutionProperties) = preSolution
		HideSolutionNode = FALSE
	EndGlobalSection
	GlobalSection(ExtensibilityGlobals) = postSolution
		SolutionGuid = {953926CC-670D-4B3E-B326-B2F1E7D271AE}
	EndGlobalSection
EndGlobal
